
Microsoft Visual Studio Solution File, Format Version 12.00
# Visual Studio Version 17
VisualStudioVersion = 17.0.31903.59
MinimumVisualStudioVersion = 10.0.40219.1
Project("{FAE04EC0-301F-11D3-BF4B-00C04F79EFBC}") = "WDPR-Theater-Groep-8", "WDPR-Theater-Groep-8.csproj", "{24D7347F-F028-4CAE-BD56-583BFC29EC6D}"
EndProject
Project("{FAE04EC0-301F-11D3-BF4B-00C04F79EFBC}") = "Test", "Test\Test.csproj", "{168F435A-D8AC-4F08-96BF-962502DE4B93}"
EndProject
Global
	GlobalSection(SolutionConfigurationPlatforms) = preSolution
		Debug|Any CPU = Debug|Any CPU
		Release|Any CPU = Release|Any CPU
	EndGlobalSection
	GlobalSection(SolutionProperties) = preSolution
		HideSolutionNode = FALSE
	EndGlobalSection
	GlobalSection(ProjectConfigurationPlatforms) = postSolution
		{24D7347F-F028-4CAE-BD56-583BFC29EC6D}.Debug|Any CPU.ActiveCfg = Debug|Any CPU
		{24D7347F-F028-4CAE-BD56-583BFC29EC6D}.Debug|Any CPU.Build.0 = Debug|Any CPU
		{24D7347F-F028-4CAE-BD56-583BFC29EC6D}.Release|Any CPU.ActiveCfg = Release|Any CPU
		{24D7347F-F028-4CAE-BD56-583BFC29EC6D}.Release|Any CPU.Build.0 = Release|Any CPU
		{168F435A-D8AC-4F08-96BF-962502DE4B93}.Debug|Any CPU.ActiveCfg = Debug|Any CPU
		{168F435A-D8AC-4F08-96BF-962502DE4B93}.Debug|Any CPU.Build.0 = Debug|Any CPU
		{168F435A-D8AC-4F08-96BF-962502DE4B93}.Release|Any CPU.ActiveCfg = Release|Any CPU
		{168F435A-D8AC-4F08-96BF-962502DE4B93}.Release|Any CPU.Build.0 = Release|Any CPU
	EndGlobalSection
EndGlobal
